PODS:
  - BiblioArchiver (0.0.1):
    - Fuzi (= 2.2.1)
  - Fuzi (2.2.1)

DEPENDENCIES:
  - BiblioArchiver (from `./`)

SPEC REPOS:
  https://github.com/cocoapods/specs.git:
    - Fuzi

EXTERNAL SOURCES:
  BiblioArchiver:
    :path: "./"

SPEC CHECKSUMS:
  BiblioArchiver: f40d731e4157834b5e9ee0cbcc64a9104f1857c2
  Fuzi: 3e6c73359d84a92376763abbaf8ced4d49c0f4ea

PODFILE CHECKSUM: 196af130e99b683f4c7ce06a05689c521b6381f7

COCOAPODS: 1.7.3
