// !$*UTF8*$!
{
	archiveVersion = 1;
	classes = {
	};
	objectVersion = 46;
	objects = {

/* Begin PBXBuildFile section */
		098E348D1CF2AEA900750953 /* AppDelegate.swift in Sources */ = {isa = PBXBuildFile; fileRef = 098E348C1CF2AEA900750953 /* AppDelegate.swift */; };
		098E34921CF2AEA900750953 /* Main.storyboard in Resources */ = {isa = PBXBuildFile; fileRef = 098E34901CF2AEA900750953 /* Main.storyboard */; };
		098E34A01CF2AECF00750953 /* ViewController.swift in Sources */ = {isa = PBXBuildFile; fileRef = 098E349E1CF2AECF00750953 /* ViewController.swift */; };
		098E34A11CF2AECF00750953 /* WebViewController.swift in Sources */ = {isa = PBXBuildFile; fileRef = 098E349F1CF2AECF00750953 /* WebViewController.swift */; };
		6A93A4BCD2C26E242589618A /* Pods_BiblioArchiverDemo.framework in Frameworks */ = {isa = PBXBuildFile; fileRef = 99FED0ACE3C62B1117880243 /* Pods_BiblioArchiverDemo.framework */; };
		DF30A35925E660A6009E7920 /* Launch Screen.storyboard in Resources */ = {isa = PBXBuildFile; fileRef = DF30A35825E660A6009E7920 /* Launch Screen.storyboard */; };
		DF30A36325E668AB009E7920 /* Assets.xcassets in Resources */ = {isa = PBXBuildFile; fileRef = 098E34931CF2AEA900750953 /* Assets.xcassets */; };
/* End PBXBuildFile section */

/* Begin PBXCopyFilesBuildPhase section */
		098E35091CF2C9CD00750953 /* Embed Frameworks */ = {
			isa = PBXCopyFilesBuildPhase;
			buildActionMask = 2147483647;
			dstPath = "";
			dstSubfolderSpec = 10;
			files = (
			);
			name = "Embed Frameworks";
			runOnlyForDeploymentPostprocessing = 0;
		};
/* End PBXCopyFilesBuildPhase section */

/* Begin PBXFileReference section */
		098E34891CF2AEA900750953 /* BiblioArchiverDemo.app */ = {isa = PBXFileReference; explicitFileType = wrapper.application; includeInIndex = 0; path = BiblioArchiverDemo.app; sourceTree = BUILT_PRODUCTS_DIR; };
		098E348C1CF2AEA900750953 /* AppDelegate.swift */ = {isa = PBXFileReference; lastKnownFileType = sourcecode.swift; path = AppDelegate.swift; sourceTree = "<group>"; };
		098E34911CF2AEA900750953 /* Base */ = {isa = PBXFileReference; lastKnownFileType = file.storyboard; name = Base; path = Base.lproj/Main.storyboard; sourceTree = "<group>"; };
		098E34931CF2AEA900750953 /* Assets.xcassets */ = {isa = PBXFileReference; lastKnownFileType = folder.assetcatalog; path = Assets.xcassets; sourceTree = "<group>"; };
		098E34981CF2AEA900750953 /* Info.plist */ = {isa = PBXFileReference; lastKnownFileType = text.plist.xml; path = Info.plist; sourceTree = "<group>"; };
		098E349E1CF2AECF00750953 /* ViewController.swift */ = {isa = PBXFileReference; fileEncoding = 4; lastKnownFileType = sourcecode.swift; path = ViewController.swift; sourceTree = "<group>"; };
		098E349F1CF2AECF00750953 /* WebViewController.swift */ = {isa = PBXFileReference; fileEncoding = 4; lastKnownFileType = sourcecode.swift; path = WebViewController.swift; sourceTree = "<group>"; };
		098E34A21CF2AF7F00750953 /* BiblioArchiver.framework */ = {isa = PBXFileReference; lastKnownFileType = wrapper.framework; name = BiblioArchiver.framework; path = "../../build/Debug-iphoneos/BiblioArchiver.framework"; sourceTree = "<group>"; };
		098E34A71CF2B03D00750953 /* Fuzi.framework */ = {isa = PBXFileReference; lastKnownFileType = wrapper.framework; name = Fuzi.framework; path = "/Users/huangluyang/Documents/Personal/Projects/BiblioArchiver/Pods/../build/Release-iphoneos/Fuzi/Fuzi.framework"; sourceTree = "<absolute>"; };
		3537AB592AA7B1F869560AC2 /* Pods-BiblioArchiverDemo.release.xcconfig */ = {isa = PBXFileReference; includeInIndex = 1; lastKnownFileType = text.xcconfig; name = "Pods-BiblioArchiverDemo.release.xcconfig"; path = "Target Support Files/Pods-BiblioArchiverDemo/Pods-BiblioArchiverDemo.release.xcconfig"; sourceTree = "<group>"; };
		99FED0ACE3C62B1117880243 /* Pods_BiblioArchiverDemo.framework */ = {isa = PBXFileReference; explicitFileType = wrapper.framework; includeInIndex = 0; path = Pods_BiblioArchiverDemo.framework; sourceTree = BUILT_PRODUCTS_DIR; };
		9C3E16685954329846543E64 /* Pods-BiblioArchiverDemo.debug.xcconfig */ = {isa = PBXFileReference; includeInIndex = 1; lastKnownFileType = text.xcconfig; name = "Pods-BiblioArchiverDemo.debug.xcconfig"; path = "Target Support Files/Pods-BiblioArchiverDemo/Pods-BiblioArchiverDemo.debug.xcconfig"; sourceTree = "<group>"; };
		DF30A35825E660A6009E7920 /* Launch Screen.storyboard */ = {isa = PBXFileReference; lastKnownFileType = file.storyboard; path = "Launch Screen.storyboard"; sourceTree = "<group>"; };
		DF30A35E25E6612C009E7920 /* en */ = {isa = PBXFileReference; lastKnownFileType = text.plist.strings; name = en; path = en.lproj/Main.strings; sourceTree = "<group>"; };
/* End PBXFileReference section */

/* Begin PBXFrameworksBuildPhase section */
		098E34861CF2AEA900750953 /* Frameworks */ = {
			isa = PBXFrameworksBuildPhase;
			buildActionMask = 2147483647;
			files = (
				6A93A4BCD2C26E242589618A /* Pods_BiblioArchiverDemo.framework in Frameworks */,
			);
			runOnlyForDeploymentPostprocessing = 0;
		};
/* End PBXFrameworksBuildPhase section */

/* Begin PBXGroup section */
		098E34801CF2AEA900750953 = {
			isa = PBXGroup;
			children = (
				098E348B1CF2AEA900750953 /* BiblioArchiverDemo */,
				098E34A41CF2AF8800750953 /* Frameworks */,
				098E348A1CF2AEA900750953 /* Products */,
				B18B9B3C6CD4D079CA3D73A7 /* Pods */,
			);
			sourceTree = "<group>";
		};
		098E348A1CF2AEA900750953 /* Products */ = {
			isa = PBXGroup;
			children = (
				098E34891CF2AEA900750953 /* BiblioArchiverDemo.app */,
			);
			name = Products;
			sourceTree = "<group>";
		};
		098E348B1CF2AEA900750953 /* BiblioArchiverDemo */ = {
			isa = PBXGroup;
			children = (
				098E348C1CF2AEA900750953 /* AppDelegate.swift */,
				098E349E1CF2AECF00750953 /* ViewController.swift */,
				098E349F1CF2AECF00750953 /* WebViewController.swift */,
				098E34901CF2AEA900750953 /* Main.storyboard */,
				098E34931CF2AEA900750953 /* Assets.xcassets */,
				098E34981CF2AEA900750953 /* Info.plist */,
				DF30A35825E660A6009E7920 /* Launch Screen.storyboard */,
			);
			path = BiblioArchiverDemo;
			sourceTree = "<group>";
		};
		098E34A41CF2AF8800750953 /* Frameworks */ = {
			isa = PBXGroup;
			children = (
				098E34A71CF2B03D00750953 /* Fuzi.framework */,
				098E34A21CF2AF7F00750953 /* BiblioArchiver.framework */,
				99FED0ACE3C62B1117880243 /* Pods_BiblioArchiverDemo.framework */,
			);
			name = Frameworks;
			sourceTree = "<group>";
		};
		B18B9B3C6CD4D079CA3D73A7 /* Pods */ = {
			isa = PBXGroup;
			children = (
				9C3E16685954329846543E64 /* Pods-BiblioArchiverDemo.debug.xcconfig */,
				3537AB592AA7B1F869560AC2 /* Pods-BiblioArchiverDemo.release.xcconfig */,
			);
			path = Pods;
			sourceTree = "<group>";
		};
/* End PBXGroup section */

/* Begin PBXNativeTarget section */
		098E34881CF2AEA900750953 /* BiblioArchiverDemo */ = {
			isa = PBXNativeTarget;
			buildConfigurationList = 098E349B1CF2AEA900750953 /* Build configuration list for PBXNativeTarget "BiblioArchiverDemo" */;
			buildPhases = (
				E7D8FC41A06BB4A8BE84E48D /* [CP] Check Pods Manifest.lock */,
				098E34851CF2AEA900750953 /* Sources */,
				098E34861CF2AEA900750953 /* Frameworks */,
				098E34871CF2AEA900750953 /* Resources */,
				098E35091CF2C9CD00750953 /* Embed Frameworks */,
				DD7B6F33D41C253D9F18AA56 /* [CP] Embed Pods Frameworks */,
			);
			buildRules = (
			);
			dependencies = (
			);
			name = BiblioArchiverDemo;
			productName = BiblioArchiverDemo;
			productReference = 098E34891CF2AEA900750953 /* BiblioArchiverDemo.app */;
			productType = "com.apple.product-type.application";
		};
/* End PBXNativeTarget section */

/* Begin PBXProject section */
		098E34811CF2AEA900750953 /* Project object */ = {
			isa = PBXProject;
			attributes = {
				LastSwiftUpdateCheck = 0730;
				LastUpgradeCheck = 1240;
				ORGANIZATIONNAME = huangluyang;
				TargetAttributes = {
					098E34881CF2AEA900750953 = {
						CreatedOnToolsVersion = 7.3;
						DevelopmentTeam = 34UL9Z437G;
						LastSwiftMigration = 1240;
						ProvisioningStyle = Manual;
					};
				};
			};
			buildConfigurationList = 098E34841CF2AEA900750953 /* Build configuration list for PBXProject "BiblioArchiverDemo" */;
			compatibilityVersion = "Xcode 3.2";
			developmentRegion = en;
			hasScannedForEncodings = 0;
			knownRegions = (
				en,
				Base,
			);
			mainGroup = 098E34801CF2AEA900750953;
			productRefGroup = 098E348A1CF2AEA900750953 /* Products */;
			projectDirPath = "";
			projectRoot = "";
			targets = (
				098E34881CF2AEA900750953 /* BiblioArchiverDemo */,
			);
		};
/* End PBXProject section */

/* Begin PBXResourcesBuildPhase section */
		098E34871CF2AEA900750953 /* Resources */ = {
			isa = PBXResourcesBuildPhase;
			buildActionMask = 2147483647;
			files = (
				DF30A36325E668AB009E7920 /* Assets.xcassets in Resources */,
				DF30A35925E660A6009E7920 /* Launch Screen.storyboard in Resources */,
				098E34921CF2AEA900750953 /* Main.storyboard in Resources */,
			);
			runOnlyForDeploymentPostprocessing = 0;
		};
/* End PBXResourcesBuildPhase section */

/* Begin PBXShellScriptBuildPhase section */
		DD7B6F33D41C253D9F18AA56 /* [CP] Embed Pods Frameworks */ = {
			isa = PBXShellScriptBuildPhase;
			buildActionMask = 2147483647;
			files = (
			);
			inputPaths = (
				"${PODS_ROOT}/Target Support Files/Pods-BiblioArchiverDemo/Pods-BiblioArchiverDemo-frameworks.sh",
				"${BUILT_PRODUCTS_DIR}/BiblioArchiver/BiblioArchiver.framework",
				"${BUILT_PRODUCTS_DIR}/Fuzi/Fuzi.framework",
			);
			name = "[CP] Embed Pods Frameworks";
			outputPaths = (
				"${TARGET_BUILD_DIR}/${FRAMEWORKS_FOLDER_PATH}/BiblioArchiver.framework",
				"${TARGET_BUILD_DIR}/${FRAMEWORKS_FOLDER_PATH}/Fuzi.framework",
			);
			runOnlyForDeploymentPostprocessing = 0;
			shellPath = /bin/sh;
			shellScript = "\"${PODS_ROOT}/Target Support Files/Pods-BiblioArchiverDemo/Pods-BiblioArchiverDemo-frameworks.sh\"\n";
			showEnvVarsInLog = 0;
		};
		E7D8FC41A06BB4A8BE84E48D /* [CP] Check Pods Manifest.lock */ = {
			isa = PBXShellScriptBuildPhase;
			buildActionMask = 2147483647;
			files = (
			);
			inputPaths = (
				"${PODS_PODFILE_DIR_PATH}/Podfile.lock",
				"${PODS_ROOT}/Manifest.lock",
			);
			name = "[CP] Check Pods Manifest.lock";
			outputPaths = (
				"$(DERIVED_FILE_DIR)/Pods-BiblioArchiverDemo-checkManifestLockResult.txt",
			);
			runOnlyForDeploymentPostprocessing = 0;
			shellPath = /bin/sh;
			shellScript = "diff \"${PODS_PODFILE_DIR_PATH}/Podfile.lock\" \"${PODS_ROOT}/Manifest.lock\" > /dev/null\nif [ $? != 0 ] ; then\n    # print error to STDERR\n    echo \"error: The sandbox is not in sync with the Podfile.lock. Run 'pod install' or update your CocoaPods installation.\" >&2\n    exit 1\nfi\n# This output is used by Xcode 'outputs' to avoid re-running this script phase.\necho \"SUCCESS\" > \"${SCRIPT_OUTPUT_FILE_0}\"\n";
			showEnvVarsInLog = 0;
		};
/* End PBXShellScriptBuildPhase section */

/* Begin PBXSourcesBuildPhase section */
		098E34851CF2AEA900750953 /* Sources */ = {
			isa = PBXSourcesBuildPhase;
			buildActionMask = 2147483647;
			files = (
				098E34A01CF2AECF00750953 /* ViewController.swift in Sources */,
				098E34A11CF2AECF00750953 /* WebViewController.swift in Sources */,
				098E348D1CF2AEA900750953 /* AppDelegate.swift in Sources */,
			);
			runOnlyForDeploymentPostprocessing = 0;
		};
/* End PBXSourcesBuildPhase section */

/* Begin PBXVariantGroup section */
		098E34901CF2AEA900750953 /* Main.storyboard */ = {
			isa = PBXVariantGroup;
			children = (
				098E34911CF2AEA900750953 /* Base */,
				DF30A35E25E6612C009E7920 /* en */,
			);
			name = Main.storyboard;
			sourceTree = "<group>";
		};
/* End PBXVariantGroup section */

/* Begin XCBuildConfiguration section */
		098E34991CF2AEA900750953 /* Debug */ = {
			isa = XCBuildConfiguration;
			buildSettings = {
				ALWAYS_SEARCH_USER_PATHS = NO;
				CLANG_ANALYZER_LOCALIZABILITY_NONLOCALIZED = YES;
				CLANG_ANALYZER_NONNULL = YES;
				CLANG_CXX_LANGUAGE_STANDARD = "gnu++0x";
				CLANG_CXX_LIBRARY = "libc++";
				CLANG_ENABLE_MODULES = YES;
				CLANG_ENABLE_OBJC_ARC = YES;
				CLANG_WARN_BLOCK_CAPTURE_AUTORELEASING = YES;
				CLANG_WARN_BOOL_CONVERSION = YES;
				CLANG_WARN_COMMA = YES;
				CLANG_WARN_CONSTANT_CONVERSION = YES;
				CLANG_WARN_DEPRECATED_OBJC_IMPLEMENTATIONS = YES;
				CLANG_WARN_DIRECT_OBJC_ISA_USAGE = YES_ERROR;
				CLANG_WARN_EMPTY_BODY = YES;
				CLANG_WARN_ENUM_CONVERSION = YES;
				CLANG_WARN_INFINITE_RECURSION = YES;
				CLANG_WARN_INT_CONVERSION = YES;
				CLANG_WARN_NON_LITERAL_NULL_CONVERSION = YES;
				CLANG_WARN_OBJC_IMPLICIT_RETAIN_SELF = YES;
				CLANG_WARN_OBJC_LITERAL_CONVERSION = YES;
				CLANG_WARN_OBJC_ROOT_CLASS = YES_ERROR;
				CLANG_WARN_QUOTED_INCLUDE_IN_FRAMEWORK_HEADER = YES;
				CLANG_WARN_RANGE_LOOP_ANALYSIS = YES;
				CLANG_WARN_STRICT_PROTOTYPES = YES;
				CLANG_WARN_SUSPICIOUS_MOVE = YES;
				CLANG_WARN_UNREACHABLE_CODE = YES;
				CLANG_WARN__DUPLICATE_METHOD_MATCH = YES;
				"CODE_SIGN_IDENTITY[sdk=iphoneos*]" = "iPhone Developer";
				COPY_PHASE_STRIP = NO;
				DEBUG_INFORMATION_FORMAT = dwarf;
				ENABLE_STRICT_OBJC_MSGSEND = YES;
				ENABLE_TESTABILITY = YES;
				GCC_C_LANGUAGE_STANDARD = gnu99;
				GCC_DYNAMIC_NO_PIC = NO;
				GCC_NO_COMMON_BLOCKS = YES;
				GCC_OPTIMIZATION_LEVEL = 0;
				GCC_PREPROCESSOR_DEFINITIONS = (
					"DEBUG=1",
					"$(inherited)",
				);
				GCC_WARN_64_TO_32_BIT_CONVERSION = YES;
				GCC_WARN_ABOUT_RETURN_TYPE = YES_ERROR;
				GCC_WARN_UNDECLARED_SELECTOR = YES;
				GCC_WARN_UNINITIALIZED_AUTOS = YES_AGGRESSIVE;
				GCC_WARN_UNUSED_FUNCTION = YES;
				GCC_WARN_UNUSED_VARIABLE = YES;
				IPHONEOS_DEPLOYMENT_TARGET = 12.0;
				MTL_ENABLE_DEBUG_INFO = YES;
				ONLY_ACTIVE_ARCH = YES;
				SDKROOT = iphoneos;
				SWIFT_OPTIMIZATION_LEVEL = "-Onone";
				TARGETED_DEVICE_FAMILY = "1,2";
			};
			name = Debug;
		};
		098E349A1CF2AEA900750953 /* Release */ = {
			isa = XCBuildConfiguration;
			buildSettings = {
				ALWAYS_SEARCH_USER_PATHS = NO;
				CLANG_ANALYZER_LOCALIZABILITY_NONLOCALIZED = YES;
				CLANG_ANALYZER_NONNULL = YES;
				CLANG_CXX_LANGUAGE_STANDARD = "gnu++0x";
				CLANG_CXX_LIBRARY = "libc++";
				CLANG_ENABLE_MODULES = YES;
				CLANG_ENABLE_OBJC_ARC = YES;
				CLANG_WARN_BLOCK_CAPTURE_AUTORELEASING = YES;
				CLANG_WARN_BOOL_CONVERSION = YES;
				CLANG_WARN_COMMA = YES;
				CLANG_WARN_CONSTANT_CONVERSION = YES;
				CLANG_WARN_DEPRECATED_OBJC_IMPLEMENTATIONS = YES;
				CLANG_WARN_DIRECT_OBJC_ISA_USAGE = YES_ERROR;
				CLANG_WARN_EMPTY_BODY = YES;
				CLANG_WARN_ENUM_CONVERSION = YES;
				CLANG_WARN_INFINITE_RECURSION = YES;
				CLANG_WARN_INT_CONVERSION = YES;
				CLANG_WARN_NON_LITERAL_NULL_CONVERSION = YES;
				CLANG_WARN_OBJC_IMPLICIT_RETAIN_SELF = YES;
				CLANG_WARN_OBJC_LITERAL_CONVERSION = YES;
				CLANG_WARN_OBJC_ROOT_CLASS = YES_ERROR;
				CLANG_WARN_QUOTED_INCLUDE_IN_FRAMEWORK_HEADER = YES;
				CLANG_WARN_RANGE_LOOP_ANALYSIS = YES;
				CLANG_WARN_STRICT_PROTOTYPES = YES;
				CLANG_WARN_SUSPICIOUS_MOVE = YES;
				CLANG_WARN_UNREACHABLE_CODE = YES;
				CLANG_WARN__DUPLICATE_METHOD_MATCH = YES;
				"CODE_SIGN_IDENTITY[sdk=iphoneos*]" = "iPhone Developer";
				COPY_PHASE_STRIP = NO;
				DEBUG_INFORMATION_FORMAT = "dwarf-with-dsym";
				ENABLE_NS_ASSERTIONS = NO;
				ENABLE_STRICT_OBJC_MSGSEND = YES;
				GCC_C_LANGUAGE_STANDARD = gnu99;
				GCC_NO_COMMON_BLOCKS = YES;
				GCC_WARN_64_TO_32_BIT_CONVERSION = YES;
				GCC_WARN_ABOUT_RETURN_TYPE = YES_ERROR;
				GCC_WARN_UNDECLARED_SELECTOR = YES;
				GCC_WARN_UNINITIALIZED_AUTOS = YES_AGGRESSIVE;
				GCC_WARN_UNUSED_FUNCTION = YES;
				GCC_WARN_UNUSED_VARIABLE = YES;
				IPHONEOS_DEPLOYMENT_TARGET = 12.0;
				MTL_ENABLE_DEBUG_INFO = NO;
				SDKROOT = iphoneos;
				SWIFT_COMPILATION_MODE = wholemodule;
				TARGETED_DEVICE_FAMILY = "1,2";
				VALIDATE_PRODUCT = YES;
			};
			name = Release;
		};
		098E349C1CF2AEA900750953 /* Debug */ = {
			isa = XCBuildConfiguration;
			baseConfigurationReference = 9C3E16685954329846543E64 /* Pods-BiblioArchiverDemo.debug.xcconfig */;
			buildSettings = {
				ASSETCATALOG_COMPILER_APPICON_NAME = AppIcon;
				ASSETCATALOG_COMPILER_LAUNCHIMAGE_NAME = "";
				CODE_SIGN_STYLE = Manual;
				DEVELOPMENT_TEAM = 34UL9Z437G;
				FRAMEWORK_SEARCH_PATHS = "$(inherited)";
				HEADER_SEARCH_PATHS = "$(inherited)";
				INFOPLIST_FILE = BiblioArchiverDemo/Info.plist;
				IPHONEOS_DEPLOYMENT_TARGET = 12.0;
				LD_RUNPATH_SEARCH_PATHS = "$(inherited) @executable_path/Frameworks";
				LIBRARY_SEARCH_PATHS = "";
				PRODUCT_BUNDLE_IDENTIFIER = com.hly.BiblioArchiverDemo;
				PRODUCT_NAME = "$(TARGET_NAME)";
				PROVISIONING_PROFILE_SPECIFIER = "match Development *";
				SWIFT_VERSION = 5.0;
			};
			name = Debug;
		};
		098E349D1CF2AEA900750953 /* Release */ = {
			isa = XCBuildConfiguration;
			baseConfigurationReference = 3537AB592AA7B1F869560AC2 /* Pods-BiblioArchiverDemo.release.xcconfig */;
			buildSettings = {
				ASSETCATALOG_COMPILER_APPICON_NAME = AppIcon;
				ASSETCATALOG_COMPILER_LAUNCHIMAGE_NAME = "";
				CODE_SIGN_STYLE = Manual;
				DEVELOPMENT_TEAM = "";
				FRAMEWORK_SEARCH_PATHS = "$(inherited)";
				HEADER_SEARCH_PATHS = "$(inherited)";
				INFOPLIST_FILE = BiblioArchiverDemo/Info.plist;
				IPHONEOS_DEPLOYMENT_TARGET = 12.0;
				LD_RUNPATH_SEARCH_PATHS = "$(inherited) @executable_path/Frameworks";
				LIBRARY_SEARCH_PATHS = "";
				PRODUCT_BUNDLE_IDENTIFIER = com.hly.BiblioArchiverDemo;
				PRODUCT_NAME = "$(TARGET_NAME)";
				PROVISIONING_PROFILE_SPECIFIER = "";
				SWIFT_VERSION = 5.0;
			};
			name = Release;
		};
/* End XCBuildConfiguration section */

/* Begin XCConfigurationList section */
		098E34841CF2AEA900750953 /* Build configuration list for PBXProject "BiblioArchiverDemo" */ = {
			isa = XCConfigurationList;
			buildConfigurations = (
				098E34991CF2AEA900750953 /* Debug */,
				098E349A1CF2AEA900750953 /* Release */,
			);
			defaultConfigurationIsVisible = 0;
			defaultConfigurationName = Release;
		};
		098E349B1CF2AEA900750953 /* Build configuration list for PBXNativeTarget "BiblioArchiverDemo" */ = {
			isa = XCConfigurationList;
			buildConfigurations = (
				098E349C1CF2AEA900750953 /* Debug */,
				098E349D1CF2AEA900750953 /* Release */,
			);
			defaultConfigurationIsVisible = 0;
			defaultConfigurationName = Release;
		};
/* End XCConfigurationList section */
	};
	rootObject = 098E34811CF2AEA900750953 /* Project object */;
}
